// !$*UTF8*$!
{
	archiveVersion = 1;
	classes = {
	};
	objectVersion = 56;
	objects = {

/* Begin PBXBuildFile section */
		F03C5DBB2C80CB6600047667 /* DatabaseHelper.swift in Sources */ = {isa = PBXBuildFile; fileRef = F03C5DBA2C80CB6600047667 /* DatabaseHelper.swift */; };
		F03C5DBD2C80D0E300047667 /* Product.swift in Sources */ = {isa = PBXBuildFile; fileRef = F03C5DBC2C80D0E300047667 /* Product.swift */; };
		F03C5DBF2C80D1C800047667 /* User.swift in Sources */ = {isa = PBXBuildFile; fileRef = F03C5DBE2C80D1C800047667 /* User.swift */; };
		F03C5DC22C80D44C00047667 /* SwiftfulUI in Frameworks */ = {isa = PBXBuildFile; productRef = F03C5DC12C80D44C00047667 /* SwiftfulUI */; };
		F03C5DC52C80D47E00047667 /* SwiftfulRouting in Frameworks */ = {isa = PBXBuildFile; productRef = F03C5DC42C80D47E00047667 /* SwiftfulRouting */; };
		F08A6BE72C8A17CB002CD8A6 /* SpotifyCategoryCell.swift in Sources */ = {isa = PBXBuildFile; fileRef = F08A6BE62C8A17CB002CD8A6 /* SpotifyCategoryCell.swift */; };
		F08A6BEA2C8A245E002CD8A6 /* Category.swift in Sources */ = {isa = PBXBuildFile; fileRef = F08A6BE92C8A245E002CD8A6 /* Category.swift */; };
		F097E92E2C8046800082428C /* SwiftUinPracticeApp.swift in Sources */ = {isa = PBXBuildFile; fileRef = F097E92D2C8046800082428C /* SwiftUinPracticeApp.swift */; };
		F097E9302C8046800082428C /* ContentView.swift in Sources */ = {isa = PBXBuildFile; fileRef = F097E92F2C8046800082428C /* ContentView.swift */; };
		F097E9322C8046810082428C /* Assets.xcassets in Resources */ = {isa = PBXBuildFile; fileRef = F097E9312C8046810082428C /* Assets.xcassets */; };
		F097E9352C8046810082428C /* Preview Assets.xcassets in Resources */ = {isa = PBXBuildFile; fileRef = F097E9342C8046810082428C /* Preview Assets.xcassets */; };
		F097E9422C80474C0082428C /* ImageLoaderView.swift in Sources */ = {isa = PBXBuildFile; fileRef = F097E9412C80474C0082428C /* ImageLoaderView.swift */; };
		F097E9452C8049790082428C /* SDWebImageSwiftUI in Frameworks */ = {isa = PBXBuildFile; productRef = F097E9442C8049790082428C /* SDWebImageSwiftUI */; };
		F097E9472C8049E00082428C /* Constants.swift in Sources */ = {isa = PBXBuildFile; fileRef = F097E9462C8049E00082428C /* Constants.swift */; };
		F0A0623E2C8242C500E992DB /* SpotifyHomeView.swift in Sources */ = {isa = PBXBuildFile; fileRef = F0A0623D2C8242C500E992DB /* SpotifyHomeView.swift */; };
/* End PBXBuildFile section */

/* Begin PBXFileReference section */
		F03C5DBA2C80CB6600047667 /* DatabaseHelper.swift */ = {isa = PBXFileReference; lastKnownFileType = sourcecode.swift; path = DatabaseHelper.swift; sourceTree = "<group>"; };
		F03C5DBC2C80D0E300047667 /* Product.swift */ = {isa = PBXFileReference; lastKnownFileType = sourcecode.swift; path = Product.swift; sourceTree = "<group>"; };
		F03C5DBE2C80D1C800047667 /* User.swift */ = {isa = PBXFileReference; lastKnownFileType = sourcecode.swift; path = User.swift; sourceTree = "<group>"; };
		F08A6BE62C8A17CB002CD8A6 /* SpotifyCategoryCell.swift */ = {isa = PBXFileReference; lastKnownFileType = sourcecode.swift; path = SpotifyCategoryCell.swift; sourceTree = "<group>"; };
		F08A6BE92C8A245E002CD8A6 /* Category.swift */ = {isa = PBXFileReference; lastKnownFileType = sourcecode.swift; path = Category.swift; sourceTree = "<group>"; };
		F097E92A2C8046800082428C /* SwiftUinPractice.app */ = {isa = PBXFileReference; explicitFileType = wrapper.application; includeInIndex = 0; path = SwiftUinPractice.app; sourceTree = BUILT_PRODUCTS_DIR; };
		F097E92D2C8046800082428C /* SwiftUinPracticeApp.swift */ = {isa = PBXFileReference; lastKnownFileType = sourcecode.swift; path = SwiftUinPracticeApp.swift; sourceTree = "<group>"; };
		F097E92F2C8046800082428C /* ContentView.swift */ = {isa = PBXFileReference; lastKnownFileType = sourcecode.swift; path = ContentView.swift; sourceTree = "<group>"; };
		F097E9312C8046810082428C /* Assets.xcassets */ = {isa = PBXFileReference; lastKnownFileType = folder.assetcatalog; path = Assets.xcassets; sourceTree = "<group>"; };
		F097E9342C8046810082428C /* Preview Assets.xcassets */ = {isa = PBXFileReference; lastKnownFileType = folder.assetcatalog; path = "Preview Assets.xcassets"; sourceTree = "<group>"; };
		F097E9412C80474C0082428C /* ImageLoaderView.swift */ = {isa = PBXFileReference; lastKnownFileType = sourcecode.swift; path = ImageLoaderView.swift; sourceTree = "<group>"; };
		F097E9462C8049E00082428C /* Constants.swift */ = {isa = PBXFileReference; lastKnownFileType = sourcecode.swift; path = Constants.swift; sourceTree = "<group>"; };
		F0A0623D2C8242C500E992DB /* SpotifyHomeView.swift */ = {isa = PBXFileReference; lastKnownFileType = sourcecode.swift; path = SpotifyHomeView.swift; sourceTree = "<group>"; };
/* End PBXFileReference section */

/* Begin PBXFrameworksBuildPhase section */
		F097E9272C8046800082428C /* Frameworks */ = {
			isa = PBXFrameworksBuildPhase;
			buildActionMask = 2147483647;
			files = (
				F03C5DC22C80D44C00047667 /* SwiftfulUI in Frameworks */,
				F03C5DC52C80D47E00047667 /* SwiftfulRouting in Frameworks */,
				F097E9452C8049790082428C /* SDWebImageSwiftUI in Frameworks */,
			);
			runOnlyForDeploymentPostprocessing = 0;
		};
/* End PBXFrameworksBuildPhase section */

/* Begin PBXGroup section */
		F08A6BE82C8A2432002CD8A6 /* Models */ = {
			isa = PBXGroup;
			children = (
				F08A6BE92C8A245E002CD8A6 /* Category.swift */,
			);
			path = Models;
			sourceTree = "<group>";
		};
		F097E9212C8046800082428C = {
			isa = PBXGroup;
			children = (
				F097E92C2C8046800082428C /* SwiftUinPractice */,
				F097E92B2C8046800082428C /* Products */,
			);
			sourceTree = "<group>";
		};
		F097E92B2C8046800082428C /* Products */ = {
			isa = PBXGroup;
			children = (
				F097E92A2C8046800082428C /* SwiftUinPractice.app */,
			);
			name = Products;
			sourceTree = "<group>";
		};
		F097E92C2C8046800082428C /* SwiftUinPractice */ = {
			isa = PBXGroup;
			children = (
				F097E92D2C8046800082428C /* SwiftUinPracticeApp.swift */,
				F097E92F2C8046800082428C /* ContentView.swift */,
				F0A0623A2C822EEB00E992DB /* Spotify */,
				F097E9402C8047350082428C /* Shared */,
				F097E9312C8046810082428C /* Assets.xcassets */,
				F097E9332C8046810082428C /* Preview Content */,
			);
			path = SwiftUinPractice;
			sourceTree = "<group>";
		};
		F097E9332C8046810082428C /* Preview Content */ = {
			isa = PBXGroup;
			children = (
				F097E9342C8046810082428C /* Preview Assets.xcassets */,
			);
			path = "Preview Content";
			sourceTree = "<group>";
		};
		F097E9402C8047350082428C /* Shared */ = {
			isa = PBXGroup;
			children = (
				F097E9412C80474C0082428C /* ImageLoaderView.swift */,
				F097E9462C8049E00082428C /* Constants.swift */,
				F03C5DBA2C80CB6600047667 /* DatabaseHelper.swift */,
				F03C5DBC2C80D0E300047667 /* Product.swift */,
				F03C5DBE2C80D1C800047667 /* User.swift */,
			);
			path = Shared;
			sourceTree = "<group>";
		};
		F0A0623A2C822EEB00E992DB /* Spotify */ = {
			isa = PBXGroup;
			children = (
				F08A6BE82C8A2432002CD8A6 /* Models */,
				F0A0623C2C822F0E00E992DB /* Components */,
				F0A0623B2C822EFF00E992DB /* Core */,
			);
			path = Spotify;
			sourceTree = "<group>";
		};
		F0A0623B2C822EFF00E992DB /* Core */ = {
			isa = PBXGroup;
			children = (
				F0A0623D2C8242C500E992DB /* SpotifyHomeView.swift */,
			);
			path = Core;
			sourceTree = "<group>";
		};
		F0A0623C2C822F0E00E992DB /* Components */ = {
			isa = PBXGroup;
			children = (
				F08A6BE62C8A17CB002CD8A6 /* SpotifyCategoryCell.swift */,
			);
			path = Components;
			sourceTree = "<group>";
		};
/* End PBXGroup section */

/* Begin PBXNativeTarget section */
		F097E9292C8046800082428C /* SwiftUinPractice */ = {
			isa = PBXNativeTarget;
			buildConfigurationList = F097E9382C8046810082428C /* Build configuration list for PBXNativeTarget "SwiftUinPractice" */;
			buildPhases = (
				F097E9262C8046800082428C /* Sources */,
				F097E9272C8046800082428C /* Frameworks */,
				F097E9282C8046800082428C /* Resources */,
			);
			buildRules = (
			);
			dependencies = (
			);
			name = SwiftUinPractice;
			packageProductDependencies = (
				F097E9442C8049790082428C /* SDWebImageSwiftUI */,
				F03C5DC12C80D44C00047667 /* SwiftfulUI */,
				F03C5DC42C80D47E00047667 /* SwiftfulRouting */,
			);
			productName = SwiftUinPractice;
			productReference = F097E92A2C8046800082428C /* SwiftUinPractice.app */;
			productType = "com.apple.product-type.application";
		};
/* End PBXNativeTarget section */

/* Begin PBXProject section */
		F097E9222C8046800082428C /* Project object */ = {
			isa = PBXProject;
			attributes = {
				BuildIndependentTargetsInParallel = 1;
				LastSwiftUpdateCheck = 1540;
				LastUpgradeCheck = 1540;
				TargetAttributes = {
					F097E9292C8046800082428C = {
						CreatedOnToolsVersion = 15.4;
					};
				};
			};
			buildConfigurationList = F097E9252C8046800082428C /* Build configuration list for PBXProject "SwiftUinPractice" */;
			compatibilityVersion = "Xcode 14.0";
			developmentRegion = en;
			hasScannedForEncodings = 0;
			knownRegions = (
				en,
				Base,
			);
			mainGroup = F097E9212C8046800082428C;
			packageReferences = (
				F097E9432C8049790082428C /* XCRemoteSwiftPackageReference "SDWebImageSwiftUI" */,
				F03C5DC02C80D44C00047667 /* XCRemoteSwiftPackageReference "SwiftfulUI" */,
				F03C5DC32C80D47E00047667 /* XCRemoteSwiftPackageReference "SwiftfulRouting" */,
			);
			productRefGroup = F097E92B2C8046800082428C /* Products */;
			projectDirPath = "";
			projectRoot = "";
			targets = (
				F097E9292C8046800082428C /* SwiftUinPractice */,
			);
		};
/* End PBXProject section */

/* Begin PBXResourcesBuildPhase section */
		F097E9282C8046800082428C /* Resources */ = {
			isa = PBXResourcesBuildPhase;
			buildActionMask = 2147483647;
			files = (
				F097E9352C8046810082428C /* Preview Assets.xcassets in Resources */,
				F097E9322C8046810082428C /* Assets.xcassets in Resources */,
			);
			runOnlyForDeploymentPostprocessing = 0;
		};
/* End PBXResourcesBuildPhase section */

/* Begin PBXSourcesBuildPhase section */
		F097E9262C8046800082428C /* Sources */ = {
			isa = PBXSourcesBuildPhase;
			buildActionMask = 2147483647;
			files = (
				F097E9422C80474C0082428C /* ImageLoaderView.swift in Sources */,
				F08A6BEA2C8A245E002CD8A6 /* Category.swift in Sources */,
				F08A6BE72C8A17CB002CD8A6 /* SpotifyCategoryCell.swift in Sources */,
				F03C5DBB2C80CB6600047667 /* DatabaseHelper.swift in Sources */,
				F0A0623E2C8242C500E992DB /* SpotifyHomeView.swift in Sources */,
				F097E9302C8046800082428C /* ContentView.swift in Sources */,
				F097E92E2C8046800082428C /* SwiftUinPracticeApp.swift in Sources */,
				F097E9472C8049E00082428C /* Constants.swift in Sources */,
				F03C5DBD2C80D0E300047667 /* Product.swift in Sources */,
				F03C5DBF2C80D1C800047667 /* User.swift in Sources */,
			);
			runOnlyForDeploymentPostprocessing = 0;
		};
/* End PBXSourcesBuildPhase section */

/* Begin XCBuildConfiguration section */
		F097E9362C8046810082428C /* Debug */ = {
			isa = XCBuildConfiguration;
			buildSettings = {
				ALWAYS_SEARCH_USER_PATHS = NO;
				ASSETCATALOG_COMPILER_GENERATE_SWIFT_ASSET_SYMBOL_EXTENSIONS = YES;
				CLANG_ANALYZER_NONNULL = YES;
				CLANG_ANALYZER_NUMBER_OBJECT_CONVERSION = YES_AGGRESSIVE;
				CLANG_CXX_LANGUAGE_STANDARD = "gnu++20";
				CLANG_ENABLE_MODULES = YES;
				CLANG_ENABLE_OBJC_ARC = YES;
				CLANG_ENABLE_OBJC_WEAK = YES;
				CLANG_WARN_BLOCK_CAPTURE_AUTORELEASING = YES;
				CLANG_WARN_BOOL_CONVERSION = YES;
				CLANG_WARN_COMMA = YES;
				CLANG_WARN_CONSTANT_CONVERSION = YES;
				CLANG_WARN_DEPRECATED_OBJC_IMPLEMENTATIONS = YES;
				CLANG_WARN_DIRECT_OBJC_ISA_USAGE = YES_ERROR;
				CLANG_WARN_DOCUMENTATION_COMMENTS = YES;
				CLANG_WARN_EMPTY_BODY = YES;
				CLANG_WARN_ENUM_CONVERSION = YES;
				CLANG_WARN_INFINITE_RECURSION = YES;
				CLANG_WARN_INT_CONVERSION = YES;
				CLANG_WARN_NON_LITERAL_NULL_CONVERSION = YES;
				CLANG_WARN_OBJC_IMPLICIT_RETAIN_SELF = YES;
				CLANG_WARN_OBJC_LITERAL_CONVERSION = YES;
				CLANG_WARN_OBJC_ROOT_CLASS = YES_ERROR;
				CLANG_WARN_QUOTED_INCLUDE_IN_FRAMEWORK_HEADER = YES;
				CLANG_WARN_RANGE_LOOP_ANALYSIS = YES;
				CLANG_WARN_STRICT_PROTOTYPES = YES;
				CLANG_WARN_SUSPICIOUS_MOVE = YES;
				CLANG_WARN_UNGUARDED_AVAILABILITY = YES_AGGRESSIVE;
				CLANG_WARN_UNREACHABLE_CODE = YES;
				CLANG_WARN__DUPLICATE_METHOD_MATCH = YES;
				COPY_PHASE_STRIP = NO;
				DEBUG_INFORMATION_FORMAT = dwarf;
				ENABLE_STRICT_OBJC_MSGSEND = YES;
				ENABLE_TESTABILITY = YES;
				ENABLE_USER_SCRIPT_SANDBOXING = YES;
				GCC_C_LANGUAGE_STANDARD = gnu17;
				GCC_DYNAMIC_NO_PIC = NO;
				GCC_NO_COMMON_BLOCKS = YES;
				GCC_OPTIMIZATION_LEVEL = 0;
				GCC_PREPROCESSOR_DEFINITIONS = (
					"DEBUG=1",
					"$(inherited)",
				);
				GCC_WARN_64_TO_32_BIT_CONVERSION = YES;
				GCC_WARN_ABOUT_RETURN_TYPE = YES_ERROR;
				GCC_WARN_UNDECLARED_SELECTOR = YES;
				GCC_WARN_UNINITIALIZED_AUTOS = YES_AGGRESSIVE;
				GCC_WARN_UNUSED_FUNCTION = YES;
				GCC_WARN_UNUSED_VARIABLE = YES;
				IPHONEOS_DEPLOYMENT_TARGET = 17.5;
				LOCALIZATION_PREFERS_STRING_CATALOGS = YES;
				MTL_ENABLE_DEBUG_INFO = INCLUDE_SOURCE;
				MTL_FAST_MATH = YES;
				ONLY_ACTIVE_ARCH = YES;
				SDKROOT = iphoneos;
				SWIFT_ACTIVE_COMPILATION_CONDITIONS = "DEBUG $(inherited)";
				SWIFT_OPTIMIZATION_LEVEL = "-Onone";
			};
			name = Debug;
		};
		F097E9372C8046810082428C /* Release */ = {
			isa = XCBuildConfiguration;
			buildSettings = {
				ALWAYS_SEARCH_USER_PATHS = NO;
				ASSETCATALOG_COMPILER_GENERATE_SWIFT_ASSET_SYMBOL_EXTENSIONS = YES;
				CLANG_ANALYZER_NONNULL = YES;
				CLANG_ANALYZER_NUMBER_OBJECT_CONVERSION = YES_AGGRESSIVE;
				CLANG_CXX_LANGUAGE_STANDARD = "gnu++20";
				CLANG_ENABLE_MODULES = YES;
				CLANG_ENABLE_OBJC_ARC = YES;
				CLANG_ENABLE_OBJC_WEAK = YES;
				CLANG_WARN_BLOCK_CAPTURE_AUTORELEASING = YES;
				CLANG_WARN_BOOL_CONVERSION = YES;
				CLANG_WARN_COMMA = YES;
				CLANG_WARN_CONSTANT_CONVERSION = YES;
				CLANG_WARN_DEPRECATED_OBJC_IMPLEMENTATIONS = YES;
				CLANG_WARN_DIRECT_OBJC_ISA_USAGE = YES_ERROR;
				CLANG_WARN_DOCUMENTATION_COMMENTS = YES;
				CLANG_WARN_EMPTY_BODY = YES;
				CLANG_WARN_ENUM_CONVERSION = YES;
				CLANG_WARN_INFINITE_RECURSION = YES;
				CLANG_WARN_INT_CONVERSION = YES;
				CLANG_WARN_NON_LITERAL_NULL_CONVERSION = YES;
				CLANG_WARN_OBJC_IMPLICIT_RETAIN_SELF = YES;
				CLANG_WARN_OBJC_LITERAL_CONVERSION = YES;
				CLANG_WARN_OBJC_ROOT_CLASS = YES_ERROR;
				CLANG_WARN_QUOTED_INCLUDE_IN_FRAMEWORK_HEADER = YES;
				CLANG_WARN_RANGE_LOOP_ANALYSIS = YES;
				CLANG_WARN_STRICT_PROTOTYPES = YES;
				CLANG_WARN_SUSPICIOUS_MOVE = YES;
				CLANG_WARN_UNGUARDED_AVAILABILITY = YES_AGGRESSIVE;
				CLANG_WARN_UNREACHABLE_CODE = YES;
				CLANG_WARN__DUPLICATE_METHOD_MATCH = YES;
				COPY_PHASE_STRIP = NO;
				DEBUG_INFORMATION_FORMAT = "dwarf-with-dsym";
				ENABLE_NS_ASSERTIONS = NO;
				ENABLE_STRICT_OBJC_MSGSEND = YES;
				ENABLE_USER_SCRIPT_SANDBOXING = YES;
				GCC_C_LANGUAGE_STANDARD = gnu17;
				GCC_NO_COMMON_BLOCKS = YES;
				GCC_WARN_64_TO_32_BIT_CONVERSION = YES;
				GCC_WARN_ABOUT_RETURN_TYPE = YES_ERROR;
				GCC_WARN_UNDECLARED_SELECTOR = YES;
				GCC_WARN_UNINITIALIZED_AUTOS = YES_AGGRESSIVE;
				GCC_WARN_UNUSED_FUNCTION = YES;
				GCC_WARN_UNUSED_VARIABLE = YES;
				IPHONEOS_DEPLOYMENT_TARGET = 17.5;
				LOCALIZATION_PREFERS_STRING_CATALOGS = YES;
				MTL_ENABLE_DEBUG_INFO = NO;
				MTL_FAST_MATH = YES;
				SDKROOT = iphoneos;
				SWIFT_COMPILATION_MODE = wholemodule;
				VALIDATE_PRODUCT = YES;
			};
			name = Release;
		};
		F097E9392C8046810082428C /* Debug */ = {
			isa = XCBuildConfiguration;
			buildSettings = {
				ASSETCATALOG_COMPILER_APPICON_NAME = AppIcon;
				ASSETCATALOG_COMPILER_GLOBAL_ACCENT_COLOR_NAME = AccentColor;
				CODE_SIGN_STYLE = Automatic;
				CURRENT_PROJECT_VERSION = 1;
				DEVELOPMENT_ASSET_PATHS = "\"SwiftUinPractice/Preview Content\"";
				DEVELOPMENT_TEAM = DHLFCHG948;
				ENABLE_PREVIEWS = YES;
				GENERATE_INFOPLIST_FILE = YES;
				INFOPLIST_KEY_UIApplicationSceneManifest_Generation = YES;
				INFOPLIST_KEY_UIApplicationSupportsIndirectInputEvents = YES;
				INFOPLIST_KEY_UILaunchScreen_Generation = YES;
				INFOPLIST_KEY_UISupportedInterfaceOrientations_iPad = "UIInterfaceOrientationPortrait UIInterfaceOrientationPortraitUpsideDown UIInterfaceOrientationLandscapeLeft UIInterfaceOrientationLandscapeRight";
				INFOPLIST_KEY_UISupportedInterfaceOrientations_iPhone = "UIInterfaceOrientationPortrait UIInterfaceOrientationLandscapeLeft UIInterfaceOrientationLandscapeRight";
				LD_RUNPATH_SEARCH_PATHS = (
					"$(inherited)",
					"@executable_path/Frameworks",
				);
				MARKETING_VERSION = 1.0;
				PRODUCT_BUNDLE_IDENTIFIER = com.tiagofc.SwiftUinPractice;
				PRODUCT_NAME = "$(TARGET_NAME)";
				SWIFT_EMIT_LOC_STRINGS = YES;
				SWIFT_VERSION = 5.0;
				TARGETED_DEVICE_FAMILY = "1,2";
			};
			name = Debug;
		};
		F097E93A2C8046810082428C /* Release */ = {
			isa = XCBuildConfiguration;
			buildSettings = {
				ASSETCATALOG_COMPILER_APPICON_NAME = AppIcon;
				ASSETCATALOG_COMPILER_GLOBAL_ACCENT_COLOR_NAME = AccentColor;
				CODE_SIGN_STYLE = Automatic;
				CURRENT_PROJECT_VERSION = 1;
				DEVELOPMENT_ASSET_PATHS = "\"SwiftUinPractice/Preview Content\"";
				DEVELOPMENT_TEAM = DHLFCHG948;
				ENABLE_PREVIEWS = YES;
				GENERATE_INFOPLIST_FILE = YES;
				INFOPLIST_KEY_UIApplicationSceneManifest_Generation = YES;
				INFOPLIST_KEY_UIApplicationSupportsIndirectInputEvents = YES;
				INFOPLIST_KEY_UILaunchScreen_Generation = YES;
				INFOPLIST_KEY_UISupportedInterfaceOrientations_iPad = "UIInterfaceOrientationPortrait UIInterfaceOrientationPortraitUpsideDown UIInterfaceOrientationLandscapeLeft UIInterfaceOrientationLandscapeRight";
				INFOPLIST_KEY_UISupportedInterfaceOrientations_iPhone = "UIInterfaceOrientationPortrait UIInterfaceOrientationLandscapeLeft UIInterfaceOrientationLandscapeRight";
				LD_RUNPATH_SEARCH_PATHS = (
					"$(inherited)",
					"@executable_path/Frameworks",
				);
				MARKETING_VERSION = 1.0;
				PRODUCT_BUNDLE_IDENTIFIER = com.tiagofc.SwiftUinPractice;
				PRODUCT_NAME = "$(TARGET_NAME)";
				SWIFT_EMIT_LOC_STRINGS = YES;
				SWIFT_VERSION = 5.0;
				TARGETED_DEVICE_FAMILY = "1,2";
			};
			name = Release;
		};
/* End XCBuildConfiguration section */

/* Begin XCConfigurationList section */
		F097E9252C8046800082428C /* Build configuration list for PBXProject "SwiftUinPractice" */ = {
			isa = XCConfigurationList;
			buildConfigurations = (
				F097E9362C8046810082428C /* Debug */,
				F097E9372C8046810082428C /* Release */,
			);
			defaultConfigurationIsVisible = 0;
			defaultConfigurationName = Release;
		};
		F097E9382C8046810082428C /* Build configuration list for PBXNativeTarget "SwiftUinPractice" */ = {
			isa = XCConfigurationList;
			buildConfigurations = (
				F097E9392C8046810082428C /* Debug */,
				F097E93A2C8046810082428C /* Release */,
			);
			defaultConfigurationIsVisible = 0;
			defaultConfigurationName = Release;
		};
/* End XCConfigurationList section */

/* Begin XCRemoteSwiftPackageReference section */
		F03C5DC02C80D44C00047667 /* XCRemoteSwiftPackageReference "SwiftfulUI" */ = {
			isa = XCRemoteSwiftPackageReference;
			repositoryURL = "https://github.com/SwiftfulThinking/SwiftfulUI.git";
			requirement = {
				kind = upToNextMajorVersion;
				minimumVersion = 1.2.0;
			};
		};
		F03C5DC32C80D47E00047667 /* XCRemoteSwiftPackageReference "SwiftfulRouting" */ = {
			isa = XCRemoteSwiftPackageReference;
			repositoryURL = "https://github.com/SwiftfulThinking/SwiftfulRouting.git";
			requirement = {
				kind = upToNextMajorVersion;
				minimumVersion = 5.3.6;
			};
		};
		F097E9432C8049790082428C /* XCRemoteSwiftPackageReference "SDWebImageSwiftUI" */ = {
			isa = XCRemoteSwiftPackageReference;
			repositoryURL = "https://github.com/SDWebImage/SDWebImageSwiftUI.git";
			requirement = {
				kind = upToNextMajorVersion;
				minimumVersion = 3.1.1;
			};
		};
/* End XCRemoteSwiftPackageReference section */

/* Begin XCSwiftPackageProductDependency section */
		F03C5DC12C80D44C00047667 /* SwiftfulUI */ = {
			isa = XCSwiftPackageProductDependency;
			package = F03C5DC02C80D44C00047667 /* XCRemoteSwiftPackageReference "SwiftfulUI" */;
			productName = SwiftfulUI;
		};
		F03C5DC42C80D47E00047667 /* SwiftfulRouting */ = {
			isa = XCSwiftPackageProductDependency;
			package = F03C5DC32C80D47E00047667 /* XCRemoteSwiftPackageReference "SwiftfulRouting" */;
			productName = SwiftfulRouting;
		};
		F097E9442C8049790082428C /* SDWebImageSwiftUI */ = {
			isa = XCSwiftPackageProductDependency;
			package = F097E9432C8049790082428C /* XCRemoteSwiftPackageReference "SDWebImageSwiftUI" */;
			productName = SDWebImageSwiftUI;
		};
/* End XCSwiftPackageProductDependency section */
	};
	rootObject = F097E9222C8046800082428C /* Project object */;
}
